// !$*UTF8*$!
{
	archiveVersion = 1;
	classes = {
	};
	objectVersion = 56;
	objects = {

/* Begin PBXBuildFile section */
		13B14F83AB770C3E55EC6ACD /* CohortDomain.swift in Sources */ = {isa = PBXBuildFile; fileRef = F6C27D39A4575F51982CBA92 /* CohortDomain.swift */; };
		1836C041C7BAE92C66E2CCA2 /* CoveApp.swift in Sources */ = {isa = PBXBuildFile; fileRef = A2000001 /* CoveApp.swift */; };
		1B8DD6786335D36F40B451B4 /* CoveGoldenJourneyUITests.swift in Sources */ = {isa = PBXBuildFile; fileRef = 7EE4C6EB34912FA6E585CD56 /* CoveGoldenJourneyUITests.swift */; };
		2DD880FFBBBF886EAB7F8140 /* StudyView.swift in Sources */ = {isa = PBXBuildFile; fileRef = 6E792D036862D0170A7DDA41 /* StudyView.swift */; };
		8C1AEEC7C74A4F40334D2C6D /* CohortTheme.swift in Sources */ = {isa = PBXBuildFile; fileRef = 8E87EB901C6DAEB7EA59CE0C /* CohortTheme.swift */; };
		8E6D0F060AF4702FFFC5A842 /* CohortStore.swift in Sources */ = {isa = PBXBuildFile; fileRef = 24398541B0AC8E396E89019D /* CohortStore.swift */; };
		90EE2FBC1A2D10D0FA4332EF /* StudyOnboardingView.swift in Sources */ = {isa = PBXBuildFile; fileRef = FA9D17E4F967980863A01877 /* StudyOnboardingView.swift */; };
		A1000003 /* Assets.xcassets in Resources */ = {isa = PBXBuildFile; fileRef = A2000003 /* Assets.xcassets */; };
		A2FEB7752F300EA5C0CA2A24 /* TodayView.swift in Sources */ = {isa = PBXBuildFile; fileRef = DC5F748EFDD84326E37F303B /* TodayView.swift */; };
		C01161025D9B711121027F25 /* CohortStoreTests.swift in Sources */ = {isa = PBXBuildFile; fileRef = 6B74E04ED37D14D8C943E251 /* CohortStoreTests.swift */; };
		DE9F092D9CC75A17D6E66EB9 /* CohortDomainTests.swift in Sources */ = {isa = PBXBuildFile; fileRef = 993105CC0E68C27CF3035FB8 /* CohortDomainTests.swift */; };
		EBFB1D0E873CCBFC1AE4FCC3 /* ContentView.swift in Sources */ = {isa = PBXBuildFile; fileRef = A2000002 /* ContentView.swift */; };
		EE23EE4B69F11209ADC28884 /* CohortRootView.swift in Sources */ = {isa = PBXBuildFile; fileRef = 34202145DE2784FFC3F0E8B6 /* CohortRootView.swift */; };
		F97EBCAEB721DC65771FF988 /* CohortModels.swift in Sources */ = {isa = PBXBuildFile; fileRef = 74C78BCA4881B870B6B5429A /* CohortModels.swift */; };
		FE2AC4161C42FCA204705CFE /* PrivacyInfo.xcprivacy in Resources */ = {isa = PBXBuildFile; fileRef = 76C005FB6A809603AF50B686 /* PrivacyInfo.xcprivacy */; };
/* End PBXBuildFile section */

/* Begin PBXContainerItemProxy section */
		577F5418AA77E7EBB066191A /* PBXContainerItemProxy */ = {
			isa = PBXContainerItemProxy;
			containerPortal = A7000001 /* Project object */;
			proxyType = 1;
			remoteGlobalIDString = A5000001;
			remoteInfo = Cove;
		};
		D031CCF856438B76C452FC27 /* PBXContainerItemProxy */ = {
			isa = PBXContainerItemProxy;
			containerPortal = A7000001 /* Project object */;
			proxyType = 1;
			remoteGlobalIDString = A5000001;
			remoteInfo = Cove;
		};
/* End PBXContainerItemProxy section */

/* Begin PBXFileReference section */
		24398541B0AC8E396E89019D /* CohortStore.swift */ = {isa = PBXFileReference; includeInIndex = 1; lastKnownFileType = sourcecode.swift; path = CohortStore.swift; sourceTree = "<group>"; };
		2ADB275858DC88FDE67BE2B9 /* CoveTests.xctest */ = {isa = PBXFileReference; explicitFileType = wrapper.cfbundle; includeInIndex = 0; path = CoveTests.xctest; sourceTree = BUILT_PRODUCTS_DIR; };
		34202145DE2784FFC3F0E8B6 /* CohortRootView.swift */ = {isa = PBXFileReference; includeInIndex = 1; lastKnownFileType = sourcecode.swift; path = CohortRootView.swift; sourceTree = "<group>"; };
		6B74E04ED37D14D8C943E251 /* CohortStoreTests.swift */ = {isa = PBXFileReference; includeInIndex = 1; lastKnownFileType = sourcecode.swift; path = CohortStoreTests.swift; sourceTree = "<group>"; };
		6E792D036862D0170A7DDA41 /* StudyView.swift */ = {isa = PBXFileReference; includeInIndex = 1; lastKnownFileType = sourcecode.swift; path = StudyView.swift; sourceTree = "<group>"; };
		74C78BCA4881B870B6B5429A /* CohortModels.swift */ = {isa = PBXFileReference; includeInIndex = 1; lastKnownFileType = sourcecode.swift; path = CohortModels.swift; sourceTree = "<group>"; };
		76C005FB6A809603AF50B686 /* PrivacyInfo.xcprivacy */ = {isa = PBXFileReference; includeInIndex = 1; lastKnownFileType = text.xml; path = PrivacyInfo.xcprivacy; sourceTree = "<group>"; };
		7EE4C6EB34912FA6E585CD56 /* CoveGoldenJourneyUITests.swift */ = {isa = PBXFileReference; includeInIndex = 1; lastKnownFileType = sourcecode.swift; path = CoveGoldenJourneyUITests.swift; sourceTree = "<group>"; };
		8E87EB901C6DAEB7EA59CE0C /* CohortTheme.swift */ = {isa = PBXFileReference; includeInIndex = 1; lastKnownFileType = sourcecode.swift; path = CohortTheme.swift; sourceTree = "<group>"; };
		993105CC0E68C27CF3035FB8 /* CohortDomainTests.swift */ = {isa = PBXFileReference; includeInIndex = 1; lastKnownFileType = sourcecode.swift; path = CohortDomainTests.swift; sourceTree = "<group>"; };
		A2000000 /* Cove.app */ = {isa = PBXFileReference; explicitFileType = wrapper.application; includeInIndex = 0; path = Cove.app; sourceTree = BUILT_PRODUCTS_DIR; };
		A2000001 /* CoveApp.swift */ = {isa = PBXFileReference; lastKnownFileType = sourcecode.swift; path = CoveApp.swift; sourceTree = "<group>"; };
		A2000002 /* ContentView.swift */ = {isa = PBXFileReference; lastKnownFileType = sourcecode.swift; path = ContentView.swift; sourceTree = "<group>"; };
		A2000003 /* Assets.xcassets */ = {isa = PBXFileReference; lastKnownFileType = folder.assetcatalog; path = Assets.xcassets; sourceTree = "<group>"; };
		A2000004 /* Task.swift */ = {isa = PBXFileReference; lastKnownFileType = sourcecode.swift; path = Task.swift; sourceTree = "<group>"; };
		A2000005 /* DailyContract.swift */ = {isa = PBXFileReference; lastKnownFileType = sourcecode.swift; path = DailyContract.swift; sourceTree = "<group>"; };
		A2000006 /* UserProfile.swift */ = {isa = PBXFileReference; lastKnownFileType = sourcecode.swift; path = UserProfile.swift; sourceTree = "<group>"; };
		A2000007 /* CapturedInput.swift */ = {isa = PBXFileReference; lastKnownFileType = sourcecode.swift; path = CapturedInput.swift; sourceTree = "<group>"; };
		A2000008 /* Color+Theme.swift */ = {isa = PBXFileReference; lastKnownFileType = sourcecode.swift; path = "Color+Theme.swift"; sourceTree = "<group>"; };
		A2000009 /* Font+Theme.swift */ = {isa = PBXFileReference; lastKnownFileType = sourcecode.swift; path = "Font+Theme.swift"; sourceTree = "<group>"; };
		A2000010 /* HomeView.swift */ = {isa = PBXFileReference; lastKnownFileType = sourcecode.swift; path = HomeView.swift; sourceTree = "<group>"; };
		A2000011 /* CaptureView.swift */ = {isa = PBXFileReference; lastKnownFileType = sourcecode.swift; path = CaptureView.swift; sourceTree = "<group>"; };
		A2000012 /* ContractView.swift */ = {isa = PBXFileReference; lastKnownFileType = sourcecode.swift; path = ContractView.swift; sourceTree = "<group>"; };
		A2000013 /* ProfileView.swift */ = {isa = PBXFileReference; lastKnownFileType = sourcecode.swift; path = ProfileView.swift; sourceTree = "<group>"; };
		A2000014 /* Constants.swift */ = {isa = PBXFileReference; lastKnownFileType = sourcecode.swift; path = Constants.swift; sourceTree = "<group>"; };
		A2000015 /* SpeechService.swift */ = {isa = PBXFileReference; lastKnownFileType = sourcecode.swift; path = SpeechService.swift; sourceTree = "<group>"; };
		A2000016 /* ClaudeAIService.swift */ = {isa = PBXFileReference; lastKnownFileType = sourcecode.swift; path = ClaudeAIService.swift; sourceTree = "<group>"; };
		A2000017 /* KeychainHelper.swift */ = {isa = PBXFileReference; lastKnownFileType = sourcecode.swift; path = KeychainHelper.swift; sourceTree = "<group>"; };
		A2000018 /* StagingAreaView.swift */ = {isa = PBXFileReference; lastKnownFileType = sourcecode.swift; path = StagingAreaView.swift; sourceTree = "<group>"; };
		A2000019 /* Info.plist */ = {isa = PBXFileReference; lastKnownFileType = text.plist.xml; path = Info.plist; sourceTree = "<group>"; };
		A2000020 /* ContractViewModel.swift */ = {isa = PBXFileReference; lastKnownFileType = sourcecode.swift; path = ContractViewModel.swift; sourceTree = "<group>"; };
		A2000021 /* TaskCardView.swift */ = {isa = PBXFileReference; lastKnownFileType = sourcecode.swift; path = TaskCardView.swift; sourceTree = "<group>"; };
		A2000022 /* MeltdownView.swift */ = {isa = PBXFileReference; lastKnownFileType = sourcecode.swift; path = MeltdownView.swift; sourceTree = "<group>"; };
		A2000023 /* SkillCategory.swift */ = {isa = PBXFileReference; lastKnownFileType = sourcecode.swift; path = SkillCategory.swift; sourceTree = "<group>"; };
		A2000024 /* DailyActivity.swift */ = {isa = PBXFileReference; lastKnownFileType = sourcecode.swift; path = DailyActivity.swift; sourceTree = "<group>"; };
		A2000025 /* Achievement.swift */ = {isa = PBXFileReference; lastKnownFileType = sourcecode.swift; path = Achievement.swift; sourceTree = "<group>"; };
		A2000026 /* TaskPattern.swift */ = {isa = PBXFileReference; lastKnownFileType = sourcecode.swift; path = TaskPattern.swift; sourceTree = "<group>"; };
		A2000027 /* CalendarService.swift */ = {isa = PBXFileReference; lastKnownFileType = sourcecode.swift; path = CalendarService.swift; sourceTree = "<group>"; };
		A2000028 /* GamificationService.swift */ = {isa = PBXFileReference; lastKnownFileType = sourcecode.swift; path = GamificationService.swift; sourceTree = "<group>"; };
		A2000029 /* NotificationService.swift */ = {isa = PBXFileReference; lastKnownFileType = sourcecode.swift; path = NotificationService.swift; sourceTree = "<group>"; };
		A2000030 /* PatternService.swift */ = {isa = PBXFileReference; lastKnownFileType = sourcecode.swift; path = PatternService.swift; sourceTree = "<group>"; };
		A2000031 /* CalendarView.swift */ = {isa = PBXFileReference; lastKnownFileType = sourcecode.swift; path = CalendarView.swift; sourceTree = "<group>"; };
		A2000032 /* ProgressView.swift */ = {isa = PBXFileReference; lastKnownFileType = sourcecode.swift; path = ProgressView.swift; sourceTree = "<group>"; };
		A2000033 /* SkillBarsView.swift */ = {isa = PBXFileReference; lastKnownFileType = sourcecode.swift; path = SkillBarsView.swift; sourceTree = "<group>"; };
		A2000034 /* StreakCardView.swift */ = {isa = PBXFileReference; lastKnownFileType = sourcecode.swift; path = StreakCardView.swift; sourceTree = "<group>"; };
		A2000035 /* ActivityHeatmapView.swift */ = {isa = PBXFileReference; lastKnownFileType = sourcecode.swift; path = ActivityHeatmapView.swift; sourceTree = "<group>"; };
		A2000036 /* EnergyRhythmView.swift */ = {isa = PBXFileReference; lastKnownFileType = sourcecode.swift; path = EnergyRhythmView.swift; sourceTree = "<group>"; };
		A2000037 /* LevelCardView.swift */ = {isa = PBXFileReference; lastKnownFileType = sourcecode.swift; path = LevelCardView.swift; sourceTree = "<group>"; };
		A2000038 /* LevelUpCelebrationView.swift */ = {isa = PBXFileReference; lastKnownFileType = sourcecode.swift; path = LevelUpCelebrationView.swift; sourceTree = "<group>"; };
		A2000039 /* AchievementsPreviewView.swift */ = {isa = PBXFileReference; lastKnownFileType = sourcecode.swift; path = AchievementsPreviewView.swift; sourceTree = "<group>"; };
		A2000040 /* AchievementUnlockView.swift */ = {isa = PBXFileReference; lastKnownFileType = sourcecode.swift; path = AchievementUnlockView.swift; sourceTree = "<group>"; };
		A2000041 /* BailOutView.swift */ = {isa = PBXFileReference; lastKnownFileType = sourcecode.swift; path = BailOutView.swift; sourceTree = "<group>"; };
		A2000042 /* RemindersService.swift */ = {isa = PBXFileReference; lastKnownFileType = sourcecode.swift; path = RemindersService.swift; sourceTree = "<group>"; };
		A2000043 /* RemindersImportView.swift */ = {isa = PBXFileReference; lastKnownFileType = sourcecode.swift; path = RemindersImportView.swift; sourceTree = "<group>"; };
		A2000044 /* PIIRedactionService.swift */ = {isa = PBXFileReference; lastKnownFileType = sourcecode.swift; path = PIIRedactionService.swift; sourceTree = "<group>"; };
		A2000045 /* AICompanionView.swift */ = {isa = PBXFileReference; lastKnownFileType = sourcecode.swift; path = AICompanionView.swift; sourceTree = "<group>"; };
		A2000046 /* CoveAppIntents.swift */ = {isa = PBXFileReference; lastKnownFileType = sourcecode.swift; path = CoveAppIntents.swift; sourceTree = "<group>"; };
		A2000047 /* HealthService.swift */ = {isa = PBXFileReference; lastKnownFileType = sourcecode.swift; path = HealthService.swift; sourceTree = "<group>"; };
		A2000048 /* EnergyInsightsView.swift */ = {isa = PBXFileReference; lastKnownFileType = sourcecode.swift; path = EnergyInsightsView.swift; sourceTree = "<group>"; };
		A2000049 /* ColdStorageService.swift */ = {isa = PBXFileReference; lastKnownFileType = sourcecode.swift; path = ColdStorageService.swift; sourceTree = "<group>"; };
		A2000050 /* ColdStorageView.swift */ = {isa = PBXFileReference; lastKnownFileType = sourcecode.swift; path = ColdStorageView.swift; sourceTree = "<group>"; };
		A2000051 /* GoogleCalendarService.swift */ = {isa = PBXFileReference; lastKnownFileType = sourcecode.swift; path = GoogleCalendarService.swift; sourceTree = "<group>"; };
		A2000052 /* GoogleCalendarSettingsView.swift */ = {isa = PBXFileReference; lastKnownFileType = sourcecode.swift; path = GoogleCalendarSettingsView.swift; sourceTree = "<group>"; };
		A2000053 /* ObsidianService.swift */ = {isa = PBXFileReference; lastKnownFileType = sourcecode.swift; path = ObsidianService.swift; sourceTree = "<group>"; };
		A2000054 /* ObsidianSettingsView.swift */ = {isa = PBXFileReference; lastKnownFileType = sourcecode.swift; path = ObsidianSettingsView.swift; sourceTree = "<group>"; };
		A2000055 /* ShareExtensionService.swift */ = {isa = PBXFileReference; lastKnownFileType = sourcecode.swift; path = ShareExtensionService.swift; sourceTree = "<group>"; };
		A2000056 /* SharedInputsView.swift */ = {isa = PBXFileReference; lastKnownFileType = sourcecode.swift; path = SharedInputsView.swift; sourceTree = "<group>"; };
		B3C33B5797402E3764CB2DF4 /* CoveUITests.xctest */ = {isa = PBXFileReference; explicitFileType = wrapper.cfbundle; includeInIndex = 0; path = CoveUITests.xctest; sourceTree = BUILT_PRODUCTS_DIR; };
		DC5F748EFDD84326E37F303B /* TodayView.swift */ = {isa = PBXFileReference; includeInIndex = 1; lastKnownFileType = sourcecode.swift; path = TodayView.swift; sourceTree = "<group>"; };
		F6C27D39A4575F51982CBA92 /* CohortDomain.swift */ = {isa = PBXFileReference; includeInIndex = 1; lastKnownFileType = sourcecode.swift; path = CohortDomain.swift; sourceTree = "<group>"; };
		FA9D17E4F967980863A01877 /* StudyOnboardingView.swift */ = {isa = PBXFileReference; includeInIndex = 1; lastKnownFileType = sourcecode.swift; path = StudyOnboardingView.swift; sourceTree = "<group>"; };
/* End PBXFileReference section */

/* Begin PBXFrameworksBuildPhase section */
		623B1B27E5F52CB3860180DF /* Frameworks */ = {
			isa = PBXFrameworksBuildPhase;
			buildActionMask = 2147483647;
			files = (
			);
			runOnlyForDeploymentPostprocessing = 0;
		};
		6F7F9F10A23AD52091FA37FC /* Frameworks */ = {
			isa = PBXFrameworksBuildPhase;
			buildActionMask = 2147483647;
			files = (
			);
			runOnlyForDeploymentPostprocessing = 0;
		};
		A3000001 /* Frameworks */ = {
			isa = PBXFrameworksBuildPhase;
			buildActionMask = 2147483647;
			files = (
			);
			runOnlyForDeploymentPostprocessing = 0;
		};
/* End PBXFrameworksBuildPhase section */

/* Begin PBXGroup section */
		888046647B1080ABBD84E173 /* Cohort */ = {
			isa = PBXGroup;
			children = (
				74C78BCA4881B870B6B5429A /* CohortModels.swift */,
				F6C27D39A4575F51982CBA92 /* CohortDomain.swift */,
				24398541B0AC8E396E89019D /* CohortStore.swift */,
				8E87EB901C6DAEB7EA59CE0C /* CohortTheme.swift */,
				FA9D17E4F967980863A01877 /* StudyOnboardingView.swift */,
				34202145DE2784FFC3F0E8B6 /* CohortRootView.swift */,
				DC5F748EFDD84326E37F303B /* TodayView.swift */,
				6E792D036862D0170A7DDA41 /* StudyView.swift */,
			);
			name = Cohort;
			path = Cohort;
			sourceTree = "<group>";
		};
		A4000000 = {
			isa = PBXGroup;
			children = (
				A4000001 /* Cove */,
				A4000002 /* Products */,
				BBCE19BE0FDDA0D64A688247 /* CoveTests */,
				A83A4B6D6E9C349E31077A91 /* Frameworks */,
				DF323298A8DF1B831D645BD3 /* CoveUITests */,
			);
			sourceTree = "<group>";
		};
		A4000001 /* Cove */ = {
			isa = PBXGroup;
			children = (
				A2000001 /* CoveApp.swift */,
				A2000002 /* ContentView.swift */,
				A4000003 /* Models */,
				A4000004 /* Views */,
				A4000009 /* ViewModels */,
				A400000A /* Services */,
				A400000B /* Utilities */,
				A400000E /* Intents */,
				A2000003 /* Assets.xcassets */,
				A2000019 /* Info.plist */,
				888046647B1080ABBD84E173 /* Cohort */,
				76C005FB6A809603AF50B686 /* PrivacyInfo.xcprivacy */,
			);
			path = Cove;
			sourceTree = "<group>";
		};
		A4000002 /* Products */ = {
			isa = PBXGroup;
			children = (
				A2000000 /* Cove.app */,
				2ADB275858DC88FDE67BE2B9 /* CoveTests.xctest */,
				B3C33B5797402E3764CB2DF4 /* CoveUITests.xctest */,
			);
			name = Products;
			sourceTree = "<group>";
		};
		A4000003 /* Models */ = {
			isa = PBXGroup;
			children = (
				A2000004 /* Task.swift */,
				A2000005 /* DailyContract.swift */,
				A2000006 /* UserProfile.swift */,
				A2000007 /* CapturedInput.swift */,
				A2000023 /* SkillCategory.swift */,
				A2000024 /* DailyActivity.swift */,
				A2000025 /* Achievement.swift */,
				A2000026 /* TaskPattern.swift */,
			);
			path = Models;
			sourceTree = "<group>";
		};
		A4000004 /* Views */ = {
			isa = PBXGroup;
			children = (
				A4000005 /* Home */,
				A4000006 /* Capture */,
				A4000007 /* Contract */,
				A400000D /* Meltdown */,
				A4000008 /* Settings */,
				A400000F /* Calendar */,
				A4000010 /* Progress */,
				A4000011 /* Components */,
			);
			path = Views;
			sourceTree = "<group>";
		};
		A4000005 /* Home */ = {
			isa = PBXGroup;
			children = (
				A2000010 /* HomeView.swift */,
			);
			path = Home;
			sourceTree = "<group>";
		};
		A4000006 /* Capture */ = {
			isa = PBXGroup;
			children = (
				A2000011 /* CaptureView.swift */,
				A2000018 /* StagingAreaView.swift */,
				A2000043 /* RemindersImportView.swift */,
				A2000056 /* SharedInputsView.swift */,
			);
			path = Capture;
			sourceTree = "<group>";
		};
		A4000007 /* Contract */ = {
			isa = PBXGroup;
			children = (
				A2000012 /* ContractView.swift */,
				A2000021 /* TaskCardView.swift */,
			);
			path = Contract;
			sourceTree = "<group>";
		};
		A4000008 /* Settings */ = {
			isa = PBXGroup;
			children = (
				A2000013 /* ProfileView.swift */,
				A2000052 /* GoogleCalendarSettingsView.swift */,
				A2000054 /* ObsidianSettingsView.swift */,
			);
			path = Settings;
			sourceTree = "<group>";
		};
		A4000009 /* ViewModels */ = {
			isa = PBXGroup;
			children = (
				A2000020 /* ContractViewModel.swift */,
			);
			path = ViewModels;
			sourceTree = "<group>";
		};
		A400000A /* Services */ = {
			isa = PBXGroup;
			children = (
				A2000015 /* SpeechService.swift */,
				A2000016 /* ClaudeAIService.swift */,
				A2000027 /* CalendarService.swift */,
				A2000028 /* GamificationService.swift */,
				A2000029 /* NotificationService.swift */,
				A2000030 /* PatternService.swift */,
				A2000042 /* RemindersService.swift */,
				A2000044 /* PIIRedactionService.swift */,
				A2000047 /* HealthService.swift */,
				A2000049 /* ColdStorageService.swift */,
				A2000051 /* GoogleCalendarService.swift */,
				A2000053 /* ObsidianService.swift */,
				A2000055 /* ShareExtensionService.swift */,
			);
			path = Services;
			sourceTree = "<group>";
		};
		A400000B /* Utilities */ = {
			isa = PBXGroup;
			children = (
				A400000C /* Extensions */,
				A2000014 /* Constants.swift */,
				A2000017 /* KeychainHelper.swift */,
			);
			path = Utilities;
			sourceTree = "<group>";
		};
		A400000C /* Extensions */ = {
			isa = PBXGroup;
			children = (
				A2000008 /* Color+Theme.swift */,
				A2000009 /* Font+Theme.swift */,
			);
			path = Extensions;
			sourceTree = "<group>";
		};
		A400000D /* Meltdown */ = {
			isa = PBXGroup;
			children = (
				A2000022 /* MeltdownView.swift */,
				A2000041 /* BailOutView.swift */,
			);
			path = Meltdown;
			sourceTree = "<group>";
		};
		A400000E /* Intents */ = {
			isa = PBXGroup;
			children = (
				A2000046 /* CoveAppIntents.swift */,
			);
			path = Intents;
			sourceTree = "<group>";
		};
		A400000F /* Calendar */ = {
			isa = PBXGroup;
			children = (
				A2000031 /* CalendarView.swift */,
			);
			path = Calendar;
			sourceTree = "<group>";
		};
		A4000010 /* Progress */ = {
			isa = PBXGroup;
			children = (
				A2000032 /* ProgressView.swift */,
				A2000033 /* SkillBarsView.swift */,
				A2000034 /* StreakCardView.swift */,
				A2000035 /* ActivityHeatmapView.swift */,
				A2000036 /* EnergyRhythmView.swift */,
				A2000037 /* LevelCardView.swift */,
				A2000038 /* LevelUpCelebrationView.swift */,
				A2000039 /* AchievementsPreviewView.swift */,
				A2000040 /* AchievementUnlockView.swift */,
				A2000048 /* EnergyInsightsView.swift */,
				A2000050 /* ColdStorageView.swift */,
			);
			path = Progress;
			sourceTree = "<group>";
		};
		A4000011 /* Components */ = {
			isa = PBXGroup;
			children = (
				A2000045 /* AICompanionView.swift */,
			);
			path = Components;
			sourceTree = "<group>";
		};
		A83A4B6D6E9C349E31077A91 /* Frameworks */ = {
			isa = PBXGroup;
			children = (
			);
			name = Frameworks;
			sourceTree = "<group>";
		};
		BBCE19BE0FDDA0D64A688247 /* CoveTests */ = {
			isa = PBXGroup;
			children = (
				993105CC0E68C27CF3035FB8 /* CohortDomainTests.swift */,
				6B74E04ED37D14D8C943E251 /* CohortStoreTests.swift */,
			);
			name = CoveTests;
			path = CoveTests;
			sourceTree = "<group>";
		};
		DF323298A8DF1B831D645BD3 /* CoveUITests */ = {
			isa = PBXGroup;
			children = (
				7EE4C6EB34912FA6E585CD56 /* CoveGoldenJourneyUITests.swift */,
			);
			name = CoveUITests;
			path = CoveUITests;
			sourceTree = "<group>";
		};
/* End PBXGroup section */

/* Begin PBXNativeTarget section */
		03A62E625EB275F98FBCF9E1 /* CoveUITests */ = {
			isa = PBXNativeTarget;
			buildConfigurationList = F21BE4F8C5DE11DFFC88C98C /* Build configuration list for PBXNativeTarget "CoveUITests" */;
			buildPhases = (
				FC4ADC6512A85E940C16B8A5 /* Sources */,
				623B1B27E5F52CB3860180DF /* Frameworks */,
				86FF6E48AF602AC77C69532A /* Resources */,
			);
			buildRules = (
			);
			dependencies = (
				B07CFF71AF3CC59ED056D248 /* PBXTargetDependency */,
			);
			name = CoveUITests;
			productName = CoveUITests;
			productReference = B3C33B5797402E3764CB2DF4 /* CoveUITests.xctest */;
			productType = "com.apple.product-type.bundle.ui-testing";
		};
		2308D6D3231D2FFC59FAB9C8 /* CoveTests */ = {
			isa = PBXNativeTarget;
			buildConfigurationList = 7A806976AFF0847674B40035 /* Build configuration list for PBXNativeTarget "CoveTests" */;
			buildPhases = (
				2406D524B92E011052A434AF /* Sources */,
				6F7F9F10A23AD52091FA37FC /* Frameworks */,
				C9D6110C2F7D763AD8B9A672 /* Resources */,
			);
			buildRules = (
			);
			dependencies = (
				071BFCDCD770A62C35C0E4AD /* PBXTargetDependency */,
			);
			name = CoveTests;
			productName = CoveTests;
			productReference = 2ADB275858DC88FDE67BE2B9 /* CoveTests.xctest */;
			productType = "com.apple.product-type.bundle.unit-test";
		};
		A5000001 /* Cove */ = {
			isa = PBXNativeTarget;
			buildConfigurationList = A6000003 /* Build configuration list for PBXNativeTarget "Cove" */;
			buildPhases = (
				A5000002 /* Sources */,
				A3000001 /* Frameworks */,
				A5000003 /* Resources */,
			);
			buildRules = (
			);
			dependencies = (
			);
			name = Cove;
			productName = Cove;
			productReference = A2000000 /* Cove.app */;
			productType = "com.apple.product-type.application";
		};
/* End PBXNativeTarget section */

/* Begin PBXProject section */
		A7000001 /* Project object */ = {
			isa = PBXProject;
			attributes = {
				BuildIndependentTargetsInParallel = 1;
				LastSwiftUpdateCheck = 1500;
				LastUpgradeCheck = 2620;
				TargetAttributes = {
					A5000001 = {
						CreatedOnToolsVersion = 15.0;
					};
				};
			};
			buildConfigurationList = A6000001 /* Build configuration list for PBXProject "Cove" */;
			compatibilityVersion = "Xcode 14.0";
			developmentRegion = en;
			hasScannedForEncodings = 0;
			knownRegions = (
				en,
				Base,
			);
			mainGroup = A4000000;
			productRefGroup = A4000002 /* Products */;
			projectDirPath = "";
			projectRoot = "";
			targets = (
				A5000001 /* Cove */,
				2308D6D3231D2FFC59FAB9C8 /* CoveTests */,
				03A62E625EB275F98FBCF9E1 /* CoveUITests */,
			);
		};
/* End PBXProject section */

/* Begin PBXResourcesBuildPhase section */
		86FF6E48AF602AC77C69532A /* Resources */ = {
			isa = PBXResourcesBuildPhase;
			buildActionMask = 2147483647;
			files = (
			);
			runOnlyForDeploymentPostprocessing = 0;
		};
		A5000003 /* Resources */ = {
			isa = PBXResourcesBuildPhase;
			buildActionMask = 2147483647;
			files = (
				A1000003 /* Assets.xcassets in Resources */,
				FE2AC4161C42FCA204705CFE /* PrivacyInfo.xcprivacy in Resources */,
			);
			runOnlyForDeploymentPostprocessing = 0;
		};
		C9D6110C2F7D763AD8B9A672 /* Resources */ = {
			isa = PBXResourcesBuildPhase;
			buildActionMask = 2147483647;
			files = (
			);
			runOnlyForDeploymentPostprocessing = 0;
		};
/* End PBXResourcesBuildPhase section */

/* Begin PBXSourcesBuildPhase section */
		2406D524B92E011052A434AF /* Sources */ = {
			isa = PBXSourcesBuildPhase;
			buildActionMask = 2147483647;
			files = (
				DE9F092D9CC75A17D6E66EB9 /* CohortDomainTests.swift in Sources */,
				C01161025D9B711121027F25 /* CohortStoreTests.swift in Sources */,
			);
			runOnlyForDeploymentPostprocessing = 0;
		};
		A5000002 /* Sources */ = {
			isa = PBXSourcesBuildPhase;
			buildActionMask = 2147483647;
			files = (
				1836C041C7BAE92C66E2CCA2 /* CoveApp.swift in Sources */,
				EBFB1D0E873CCBFC1AE4FCC3 /* ContentView.swift in Sources */,
				F97EBCAEB721DC65771FF988 /* CohortModels.swift in Sources */,
				13B14F83AB770C3E55EC6ACD /* CohortDomain.swift in Sources */,
				8E6D0F060AF4702FFFC5A842 /* CohortStore.swift in Sources */,
				8C1AEEC7C74A4F40334D2C6D /* CohortTheme.swift in Sources */,
				90EE2FBC1A2D10D0FA4332EF /* StudyOnboardingView.swift in Sources */,
				EE23EE4B69F11209ADC28884 /* CohortRootView.swift in Sources */,
				A2FEB7752F300EA5C0CA2A24 /* TodayView.swift in Sources */,
				2DD880FFBBBF886EAB7F8140 /* StudyView.swift in Sources */,
			);
			runOnlyForDeploymentPostprocessing = 0;
		};
		FC4ADC6512A85E940C16B8A5 /* Sources */ = {
			isa = PBXSourcesBuildPhase;
			buildActionMask = 2147483647;
			files = (
				1B8DD6786335D36F40B451B4 /* CoveGoldenJourneyUITests.swift in Sources */,
			);
			runOnlyForDeploymentPostprocessing = 0;
		};
/* End PBXSourcesBuildPhase section */

/* Begin PBXTargetDependency section */
		071BFCDCD770A62C35C0E4AD /* PBXTargetDependency */ = {
			isa = PBXTargetDependency;
			name = Cove;
			target = A5000001 /* Cove */;
			targetProxy = D031CCF856438B76C452FC27 /* PBXContainerItemProxy */;
		};
		B07CFF71AF3CC59ED056D248 /* PBXTargetDependency */ = {
			isa = PBXTargetDependency;
			name = Cove;
			target = A5000001 /* Cove */;
			targetProxy = 577F5418AA77E7EBB066191A /* PBXContainerItemProxy */;
		};
/* End PBXTargetDependency section */

/* Begin XCBuildConfiguration section */
		42B93958BEBD3B39E791F115 /* Release */ = {
			isa = XCBuildConfiguration;
			buildSettings = {
				CLANG_ENABLE_OBJC_WEAK = NO;
				CODE_SIGN_STYLE = Automatic;
				DEVELOPMENT_TEAM = "";
				GENERATE_INFOPLIST_FILE = YES;
				IPHONEOS_DEPLOYMENT_TARGET = 18.0;
				PRODUCT_BUNDLE_IDENTIFIER = com.demario.cove.cohort.uitests;
				SDKROOT = iphoneos;
				SUPPORTED_PLATFORMS = "iphoneos iphonesimulator";
				SUPPORTS_MACCATALYST = NO;
				SWIFT_VERSION = 5.0;
				TARGETED_DEVICE_FAMILY = 1;
				TEST_TARGET_NAME = Cove;
				VALIDATE_PRODUCT = YES;
			};
			name = Release;
		};
		8E727BFB04E844E895D41878 /* Debug */ = {
			isa = XCBuildConfiguration;
			buildSettings = {
				CLANG_ENABLE_OBJC_WEAK = NO;
				CODE_SIGN_STYLE = Automatic;
				DEVELOPMENT_TEAM = "";
				GENERATE_INFOPLIST_FILE = YES;
				IPHONEOS_DEPLOYMENT_TARGET = 18.0;
				PRODUCT_BUNDLE_IDENTIFIER = com.demario.cove.cohort.uitests;
				SDKROOT = iphoneos;
				SUPPORTED_PLATFORMS = "iphoneos iphonesimulator";
				SUPPORTS_MACCATALYST = NO;
				SWIFT_VERSION = 5.0;
				TARGETED_DEVICE_FAMILY = 1;
				TEST_TARGET_NAME = Cove;
			};
			name = Debug;
		};
		94483E1107E67724928F36AF /* Debug */ = {
			isa = XCBuildConfiguration;
			buildSettings = {
				BUNDLE_LOADER = "$(TEST_HOST)";
				CLANG_ENABLE_OBJC_WEAK = NO;
				CODE_SIGN_STYLE = Automatic;
				DEVELOPMENT_TEAM = "";
				GENERATE_INFOPLIST_FILE = YES;
				IPHONEOS_DEPLOYMENT_TARGET = 18.0;
				PRODUCT_BUNDLE_IDENTIFIER = com.demario.cove.cohort.tests;
				SDKROOT = iphoneos;
				SUPPORTED_PLATFORMS = "iphoneos iphonesimulator";
				SUPPORTS_MACCATALYST = NO;
				SWIFT_VERSION = 5.0;
				TARGETED_DEVICE_FAMILY = 1;
				TEST_HOST = "$(BUILT_PRODUCTS_DIR)/Cove.app/$(BUNDLE_EXECUTABLE_FOLDER_PATH)/Cove";
			};
			name = Debug;
		};
		A8000001 /* Debug */ = {
			isa = XCBuildConfiguration;
			buildSettings = {
				ALWAYS_SEARCH_USER_PATHS = NO;
				ASSETCATALOG_COMPILER_GENERATE_SWIFT_ASSET_SYMBOL_EXTENSIONS = YES;
				CLANG_ANALYZER_NONNULL = YES;
				CLANG_ANALYZER_NUMBER_OBJECT_CONVERSION = YES_AGGRESSIVE;
				CLANG_CXX_LANGUAGE_STANDARD = "gnu++20";
				CLANG_ENABLE_MODULES = YES;
				CLANG_ENABLE_OBJC_ARC = YES;
				CLANG_ENABLE_OBJC_WEAK = YES;
				CLANG_WARN_BLOCK_CAPTURE_AUTORELEASING = YES;
				CLANG_WARN_BOOL_CONVERSION = YES;
				CLANG_WARN_COMMA = YES;
				CLANG_WARN_CONSTANT_CONVERSION = YES;
				CLANG_WARN_DEPRECATED_OBJC_IMPLEMENTATIONS = YES;
				CLANG_WARN_DIRECT_OBJC_ISA_USAGE = YES_ERROR;
				CLANG_WARN_DOCUMENTATION_COMMENTS = YES;
				CLANG_WARN_EMPTY_BODY = YES;
				CLANG_WARN_ENUM_CONVERSION = YES;
				CLANG_WARN_INFINITE_RECURSION = YES;
				CLANG_WARN_INT_CONVERSION = YES;
				CLANG_WARN_NON_LITERAL_NULL_CONVERSION = YES;
				CLANG_WARN_OBJC_IMPLICIT_RETAIN_SELF = YES;
				CLANG_WARN_OBJC_LITERAL_CONVERSION = YES;
				CLANG_WARN_OBJC_ROOT_CLASS = YES_ERROR;
				CLANG_WARN_QUOTED_INCLUDE_IN_FRAMEWORK_HEADER = YES;
				CLANG_WARN_RANGE_LOOP_ANALYSIS = YES;
				CLANG_WARN_STRICT_PROTOTYPES = YES;
				CLANG_WARN_SUSPICIOUS_MOVE = YES;
				CLANG_WARN_UNGUARDED_AVAILABILITY = YES_AGGRESSIVE;
				CLANG_WARN_UNREACHABLE_CODE = YES;
				CLANG_WARN__DUPLICATE_METHOD_MATCH = YES;
				COPY_PHASE_STRIP = NO;
				DEBUG_INFORMATION_FORMAT = dwarf;
				ENABLE_STRICT_OBJC_MSGSEND = YES;
				ENABLE_TESTABILITY = YES;
				ENABLE_USER_SCRIPT_SANDBOXING = YES;
				GCC_C_LANGUAGE_STANDARD = gnu17;
				GCC_DYNAMIC_NO_PIC = NO;
				GCC_NO_COMMON_BLOCKS = YES;
				GCC_OPTIMIZATION_LEVEL = 0;
				GCC_PREPROCESSOR_DEFINITIONS = (
					"DEBUG=1",
					"$(inherited)",
				);
				GCC_WARN_64_TO_32_BIT_CONVERSION = YES;
				GCC_WARN_ABOUT_RETURN_TYPE = YES_ERROR;
				GCC_WARN_UNDECLARED_SELECTOR = YES;
				GCC_WARN_UNINITIALIZED_AUTOS = YES_AGGRESSIVE;
				GCC_WARN_UNUSED_FUNCTION = YES;
				GCC_WARN_UNUSED_VARIABLE = YES;
				IPHONEOS_DEPLOYMENT_TARGET = 18.0;
				LOCALIZATION_PREFERS_STRING_CATALOGS = YES;
				MTL_ENABLE_DEBUG_INFO = INCLUDE_SOURCE;
				MTL_FAST_MATH = YES;
				ONLY_ACTIVE_ARCH = YES;
				SDKROOT = iphoneos;
				STRING_CATALOG_GENERATE_SYMBOLS = YES;
				SWIFT_ACTIVE_COMPILATION_CONDITIONS = "DEBUG $(inherited)";
				SWIFT_OPTIMIZATION_LEVEL = "-Onone";
			};
			name = Debug;
		};
		A8000002 /* Release */ = {
			isa = XCBuildConfiguration;
			buildSettings = {
				ALWAYS_SEARCH_USER_PATHS = NO;
				ASSETCATALOG_COMPILER_GENERATE_SWIFT_ASSET_SYMBOL_EXTENSIONS = YES;
				CLANG_ANALYZER_NONNULL = YES;
				CLANG_ANALYZER_NUMBER_OBJECT_CONVERSION = YES_AGGRESSIVE;
				CLANG_CXX_LANGUAGE_STANDARD = "gnu++20";
				CLANG_ENABLE_MODULES = YES;
				CLANG_ENABLE_OBJC_ARC = YES;
				CLANG_ENABLE_OBJC_WEAK = YES;
				CLANG_WARN_BLOCK_CAPTURE_AUTORELEASING = YES;
				CLANG_WARN_BOOL_CONVERSION = YES;
				CLANG_WARN_COMMA = YES;
				CLANG_WARN_CONSTANT_CONVERSION = YES;
				CLANG_WARN_DEPRECATED_OBJC_IMPLEMENTATIONS = YES;
				CLANG_WARN_DIRECT_OBJC_ISA_USAGE = YES_ERROR;
				CLANG_WARN_DOCUMENTATION_COMMENTS = YES;
				CLANG_WARN_EMPTY_BODY = YES;
				CLANG_WARN_ENUM_CONVERSION = YES;
				CLANG_WARN_INFINITE_RECURSION = YES;
				CLANG_WARN_INT_CONVERSION = YES;
				CLANG_WARN_NON_LITERAL_NULL_CONVERSION = YES;
				CLANG_WARN_OBJC_IMPLICIT_RETAIN_SELF = YES;
				CLANG_WARN_OBJC_LITERAL_CONVERSION = YES;
				CLANG_WARN_OBJC_ROOT_CLASS = YES_ERROR;
				CLANG_WARN_QUOTED_INCLUDE_IN_FRAMEWORK_HEADER = YES;
				CLANG_WARN_RANGE_LOOP_ANALYSIS = YES;
				CLANG_WARN_STRICT_PROTOTYPES = YES;
				CLANG_WARN_SUSPICIOUS_MOVE = YES;
				CLANG_WARN_UNGUARDED_AVAILABILITY = YES_AGGRESSIVE;
				CLANG_WARN_UNREACHABLE_CODE = YES;
				CLANG_WARN__DUPLICATE_METHOD_MATCH = YES;
				COPY_PHASE_STRIP = NO;
				DEBUG_INFORMATION_FORMAT = "dwarf-with-dsym";
				ENABLE_NS_ASSERTIONS = NO;
				ENABLE_STRICT_OBJC_MSGSEND = YES;
				ENABLE_USER_SCRIPT_SANDBOXING = YES;
				GCC_C_LANGUAGE_STANDARD = gnu17;
				GCC_NO_COMMON_BLOCKS = YES;
				GCC_WARN_64_TO_32_BIT_CONVERSION = YES;
				GCC_WARN_ABOUT_RETURN_TYPE = YES_ERROR;
				GCC_WARN_UNDECLARED_SELECTOR = YES;
				GCC_WARN_UNINITIALIZED_AUTOS = YES_AGGRESSIVE;
				GCC_WARN_UNUSED_FUNCTION = YES;
				GCC_WARN_UNUSED_VARIABLE = YES;
				IPHONEOS_DEPLOYMENT_TARGET = 18.0;
				LOCALIZATION_PREFERS_STRING_CATALOGS = YES;
				MTL_ENABLE_DEBUG_INFO = NO;
				MTL_FAST_MATH = YES;
				SDKROOT = iphoneos;
				STRING_CATALOG_GENERATE_SYMBOLS = YES;
				SWIFT_COMPILATION_MODE = wholemodule;
				VALIDATE_PRODUCT = YES;
			};
			name = Release;
		};
		A8000003 /* Debug */ = {
			isa = XCBuildConfiguration;
			buildSettings = {
				ASSETCATALOG_COMPILER_APPICON_NAME = AppIcon;
				ASSETCATALOG_COMPILER_GLOBAL_ACCENT_COLOR_NAME = AccentColor;
				CODE_SIGN_STYLE = Automatic;
				CURRENT_PROJECT_VERSION = 1;
				DEVELOPMENT_TEAM = "";
				ENABLE_PREVIEWS = YES;
				ENABLE_USER_SCRIPT_SANDBOXING = YES;
				GENERATE_INFOPLIST_FILE = YES;
				INFOPLIST_FILE = Cove/Info.plist;
				INFOPLIST_KEY_CFBundleDisplayName = "Cove Study";
				INFOPLIST_KEY_LSApplicationCategoryType = "public.app-category.productivity";
				INFOPLIST_KEY_UIApplicationSceneManifest_Generation = YES;
				INFOPLIST_KEY_UIApplicationSupportsIndirectInputEvents = YES;
				INFOPLIST_KEY_UILaunchScreen_Generation = YES;
				INFOPLIST_KEY_UISupportedInterfaceOrientations_iPad = "UIInterfaceOrientationPortrait UIInterfaceOrientationPortraitUpsideDown UIInterfaceOrientationLandscapeLeft UIInterfaceOrientationLandscapeRight";
				INFOPLIST_KEY_UISupportedInterfaceOrientations_iPhone = "UIInterfaceOrientationPortrait UIInterfaceOrientationLandscapeLeft UIInterfaceOrientationLandscapeRight";
				IPHONEOS_DEPLOYMENT_TARGET = 18.0;
				LD_RUNPATH_SEARCH_PATHS = (
					"$(inherited)",
					"@executable_path/Frameworks",
				);
				MARKETING_VERSION = 0.1;
				PRODUCT_BUNDLE_IDENTIFIER = com.demario.cove.cohort;
				PRODUCT_MODULE_NAME = Cove;
				PRODUCT_NAME = "$(TARGET_NAME)";
				SUPPORTED_PLATFORMS = "iphoneos iphonesimulator";
				SUPPORTS_MACCATALYST = NO;
				SWIFT_EMIT_LOC_STRINGS = YES;
				SWIFT_VERSION = 5.0;
				TARGETED_DEVICE_FAMILY = 1;
			};
			name = Debug;
		};
		A8000004 /* Release */ = {
			isa = XCBuildConfiguration;
			buildSettings = {
				ASSETCATALOG_COMPILER_APPICON_NAME = AppIcon;
				ASSETCATALOG_COMPILER_GLOBAL_ACCENT_COLOR_NAME = AccentColor;
				CODE_SIGN_STYLE = Automatic;
				CURRENT_PROJECT_VERSION = 1;
				DEVELOPMENT_TEAM = "";
				ENABLE_PREVIEWS = YES;
				ENABLE_USER_SCRIPT_SANDBOXING = YES;
				GENERATE_INFOPLIST_FILE = YES;
				INFOPLIST_FILE = Cove/Info.plist;
				INFOPLIST_KEY_CFBundleDisplayName = "Cove Study";
				INFOPLIST_KEY_LSApplicationCategoryType = "public.app-category.productivity";
				INFOPLIST_KEY_UIApplicationSceneManifest_Generation = YES;
				INFOPLIST_KEY_UIApplicationSupportsIndirectInputEvents = YES;
				INFOPLIST_KEY_UILaunchScreen_Generation = YES;
				INFOPLIST_KEY_UISupportedInterfaceOrientations_iPad = "UIInterfaceOrientationPortrait UIInterfaceOrientationPortraitUpsideDown UIInterfaceOrientationLandscapeLeft UIInterfaceOrientationLandscapeRight";
				INFOPLIST_KEY_UISupportedInterfaceOrientations_iPhone = "UIInterfaceOrientationPortrait UIInterfaceOrientationLandscapeLeft UIInterfaceOrientationLandscapeRight";
				IPHONEOS_DEPLOYMENT_TARGET = 18.0;
				LD_RUNPATH_SEARCH_PATHS = (
					"$(inherited)",
					"@executable_path/Frameworks",
				);
				MARKETING_VERSION = 0.1;
				PRODUCT_BUNDLE_IDENTIFIER = com.demario.cove.cohort;
				PRODUCT_MODULE_NAME = Cove;
				PRODUCT_NAME = "$(TARGET_NAME)";
				SUPPORTED_PLATFORMS = "iphoneos iphonesimulator";
				SUPPORTS_MACCATALYST = NO;
				SWIFT_EMIT_LOC_STRINGS = YES;
				SWIFT_VERSION = 5.0;
				TARGETED_DEVICE_FAMILY = 1;
			};
			name = Release;
		};
		E51EAD6198A2FD75AD2721A5 /* Release */ = {
			isa = XCBuildConfiguration;
			buildSettings = {
				BUNDLE_LOADER = "$(TEST_HOST)";
				CLANG_ENABLE_OBJC_WEAK = NO;
				CODE_SIGN_STYLE = Automatic;
				DEVELOPMENT_TEAM = "";
				GENERATE_INFOPLIST_FILE = YES;
				IPHONEOS_DEPLOYMENT_TARGET = 18.0;
				PRODUCT_BUNDLE_IDENTIFIER = com.demario.cove.cohort.tests;
				SDKROOT = iphoneos;
				SUPPORTED_PLATFORMS = "iphoneos iphonesimulator";
				SUPPORTS_MACCATALYST = NO;
				SWIFT_VERSION = 5.0;
				TARGETED_DEVICE_FAMILY = 1;
				TEST_HOST = "$(BUILT_PRODUCTS_DIR)/Cove.app/$(BUNDLE_EXECUTABLE_FOLDER_PATH)/Cove";
				VALIDATE_PRODUCT = YES;
			};
			name = Release;
		};
/* End XCBuildConfiguration section */

/* Begin XCConfigurationList section */
		7A806976AFF0847674B40035 /* Build configuration list for PBXNativeTarget "CoveTests" */ = {
			isa = XCConfigurationList;
			buildConfigurations = (
				E51EAD6198A2FD75AD2721A5 /* Release */,
				94483E1107E67724928F36AF /* Debug */,
			);
			defaultConfigurationIsVisible = 0;
			defaultConfigurationName = Release;
		};
		A6000001 /* Build configuration list for PBXProject "Cove" */ = {
			isa = XCConfigurationList;
			buildConfigurations = (
				A8000001 /* Debug */,
				A8000002 /* Release */,
			);
			defaultConfigurationIsVisible = 0;
			defaultConfigurationName = Release;
		};
		A6000003 /* Build configuration list for PBXNativeTarget "Cove" */ = {
			isa = XCConfigurationList;
			buildConfigurations = (
				A8000003 /* Debug */,
				A8000004 /* Release */,
			);
			defaultConfigurationIsVisible = 0;
			defaultConfigurationName = Release;
		};
		F21BE4F8C5DE11DFFC88C98C /* Build configuration list for PBXNativeTarget "CoveUITests" */ = {
			isa = XCConfigurationList;
			buildConfigurations = (
				42B93958BEBD3B39E791F115 /* Release */,
				8E727BFB04E844E895D41878 /* Debug */,
			);
			defaultConfigurationIsVisible = 0;
			defaultConfigurationName = Release;
		};
/* End XCConfigurationList section */
	};
	rootObject = A7000001 /* Project object */;
}
